
Microsoft Visual Studio Solution File, Format Version 12.00
# Visual Studio 15
VisualStudioVersion = 15.0.27428.2037
MinimumVisualStudioVersion = 10.0.40219.1
Project("{FAE04EC0-301F-11D3-BF4B-00C04F79EFBC}") = "TarasPerepichka.IDP.WebShop", "TarasPerepichka.IDP.WebShop\TarasPerepichka.IDP.WebShop.csproj", "{F2581821-F8F8-4992-9A23-8E9548AA3320}"
EndProject
Project("{FAE04EC0-301F-11D3-BF4B-00C04F79EFBC}") = "TarasPerepichka.IDP.DataLayer", "TarasPerepichka.IDP.DataLayer\TarasPerepichka.IDP.DataLayer.csproj", "{2B79ABF8-99C4-4647-82DB-50E8B92D41A0}"
EndProject
Project("{FAE04EC0-301F-11D3-BF4B-00C04F79EFBC}") = "TarasPerepichka.IDP.BusinessLayer", "TarasPerepichka.IDP.BusinessLayer\TarasPerepichka.IDP.BusinessLayer.csproj", "{1B1399AF-49AD-48E5-99D7-E96EE504E780}"
EndProject
Project("{FAE04EC0-301F-11D3-BF4B-00C04F79EFBC}") = "TarasPerepichka.IDP.ViewModel", "TarasPerepichka.IDP.ViewModel\TarasPerepichka.IDP.ViewModel.csproj", "{B82C425E-7599-46A9-BA59-BB42808CF474}"
EndProject
Project("{FAE04EC0-301F-11D3-BF4B-00C04F79EFBC}") = "TarasPerepichka.IDP.Bootstrap", "TarasPerepichka.IDP.Bootstrap\TarasPerepichka.IDP.Bootstrap.csproj", "{BDCA4C3B-F5A0-4748-960F-71E229D316D2}"
EndProject
Global
	GlobalSection(SolutionConfigurationPlatforms) = preSolution
		Debug|Any CPU = Debug|Any CPU
		Release|Any CPU = Release|Any CPU
	EndGlobalSection
	GlobalSection(ProjectConfigurationPlatforms) = postSolution
		{F2581821-F8F8-4992-9A23-8E9548AA3320}.Debug|Any CPU.ActiveCfg = Debug|Any CPU
		{F2581821-F8F8-4992-9A23-8E9548AA3320}.Debug|Any CPU.Build.0 = Debug|Any CPU
		{F2581821-F8F8-4992-9A23-8E9548AA3320}.Release|Any CPU.ActiveCfg = Release|Any CPU
		{F2581821-F8F8-4992-9A23-8E9548AA3320}.Release|Any CPU.Build.0 = Release|Any CPU
		{2B79ABF8-99C4-4647-82DB-50E8B92D41A0}.Debug|Any CPU.ActiveCfg = Debug|Any CPU
		{2B79ABF8-99C4-4647-82DB-50E8B92D41A0}.Debug|Any CPU.Build.0 = Debug|Any CPU
		{2B79ABF8-99C4-4647-82DB-50E8B92D41A0}.Release|Any CPU.ActiveCfg = Release|Any CPU
		{2B79ABF8-99C4-4647-82DB-50E8B92D41A0}.Release|Any CPU.Build.0 = Release|Any CPU
		{1B1399AF-49AD-48E5-99D7-E96EE504E780}.Debug|Any CPU.ActiveCfg = Debug|Any CPU
		{1B1399AF-49AD-48E5-99D7-E96EE504E780}.Debug|Any CPU.Build.0 = Debug|Any CPU
		{1B1399AF-49AD-48E5-99D7-E96EE504E780}.Release|Any CPU.ActiveCfg = Release|Any CPU
		{1B1399AF-49AD-48E5-99D7-E96EE504E780}.Release|Any CPU.Build.0 = Release|Any CPU
		{B82C425E-7599-46A9-BA59-BB42808CF474}.Debug|Any CPU.ActiveCfg = Debug|Any CPU
		{B82C425E-7599-46A9-BA59-BB42808CF474}.Debug|Any CPU.Build.0 = Debug|Any CPU
		{B82C425E-7599-46A9-BA59-BB42808CF474}.Release|Any CPU.ActiveCfg = Release|Any CPU
		{B82C425E-7599-46A9-BA59-BB42808CF474}.Release|Any CPU.Build.0 = Release|Any CPU
		{BDCA4C3B-F5A0-4748-960F-71E229D316D2}.Debug|Any CPU.ActiveCfg = Debug|Any CPU
		{BDCA4C3B-F5A0-4748-960F-71E229D316D2}.Debug|Any CPU.Build.0 = Debug|Any CPU
		{BDCA4C3B-F5A0-4748-960F-71E229D316D2}.Release|Any CPU.ActiveCfg = Release|Any CPU
		{BDCA4C3B-F5A0-4748-960F-71E229D316D2}.Release|Any CPU.Build.0 = Release|Any CPU
	EndGlobalSection
	GlobalSection(SolutionProperties) = preSolution
		HideSolutionNode = FALSE
	EndGlobalSection
	GlobalSection(ExtensibilityGlobals) = postSolution
		SolutionGuid = {364BF248-CDDB-40A8-9B29-33878810214C}
	EndGlobalSection
EndGlobal
